PODS:
  - GoogleAPIClient/Core (1.0.3):
    - GTMSessionFetcher (~> 1.1)
  - GoogleAPIClient/Drive (1.0.3):
    - GoogleAPIClient/Core
    - GTMSessionFetcher (~> 1.1)
  - GTMOAuth2 (1.1.1):
    - GTMSessionFetcher (~> 1.1)
  - GTMSessionFetcher (1.1.3):
    - GTMSessionFetcher/Full (= 1.1.3)
  - GTMSessionFetcher/Core (1.1.3)
  - GTMSessionFetcher/Full (1.1.3):
    - GTMSessionFetcher/Core (= 1.1.3)

DEPENDENCIES:
  - GoogleAPIClient/Drive (~> 1.0.2)
  - GTMOAuth2 (~> 1.1.0)

SPEC CHECKSUMS:
  GoogleAPIClient: 06a32889d31c0f1c9ae528e31139ec3680b25e0d
  GTMOAuth2: bdb12f3e0d2110bfe585f6151230b883beb4d042
  GTMSessionFetcher: 86678550b1b2862b0df62e693a177c916debd7d2

COCOAPODS: 0.38.2
