// !$*UTF8*$!
{
	archiveVersion = 1;
	classes = {
	};
	objectVersion = 46;
	objects = {

/* Begin PBXBuildFile section */
		AF68D29B1D7BC043008F320A /* AccountManagerViewController.swift in Sources */ = {isa = PBXBuildFile; fileRef = AF68D29A1D7BC043008F320A /* AccountManagerViewController.swift */; };
		AF68D29E1D7BF246008F320A /* DropBoxManager.swift in Sources */ = {isa = PBXBuildFile; fileRef = AF68D29D1D7BF246008F320A /* DropBoxManager.swift */; };
		AF6E079A1D263EBA0007E92F /* BLETableViewModel.swift in Sources */ = {isa = PBXBuildFile; fileRef = AF6E07991D263EBA0007E92F /* BLETableViewModel.swift */; };
		AF6E079F1D2655C80007E92F /* CustomView.swift in Sources */ = {isa = PBXBuildFile; fileRef = AF6E079E1D2655C80007E92F /* CustomView.swift */; };
		AF6E07A71D27A39D0007E92F /* BLECellViewModel.swift in Sources */ = {isa = PBXBuildFile; fileRef = AF6E07A61D27A39D0007E92F /* BLECellViewModel.swift */; };
		AF6E07AE1D284A440007E92F /* PeripheralViewModel.swift in Sources */ = {isa = PBXBuildFile; fileRef = AF6E07AD1D284A440007E92F /* PeripheralViewModel.swift */; };
		AF6E07B01D284A590007E92F /* PeripheralCellViewModel.swift in Sources */ = {isa = PBXBuildFile; fileRef = AF6E07AF1D284A590007E92F /* PeripheralCellViewModel.swift */; };
		AF6E07B31D284A8B0007E92F /* CharacterInfo.swift in Sources */ = {isa = PBXBuildFile; fileRef = AF6E07B21D284A8B0007E92F /* CharacterInfo.swift */; };
		AF7284A91CB1F14200B8D610 /* BLETableViewController.swift in Sources */ = {isa = PBXBuildFile; fileRef = AF7284A81CB1F14200B8D610 /* BLETableViewController.swift */; };
		AF7284AE1CB1F44600B8D610 /* CustomAlertController.swift in Sources */ = {isa = PBXBuildFile; fileRef = AF7284AD1CB1F44600B8D610 /* CustomAlertController.swift */; };
		AF7284B21CB1FAF800B8D610 /* BLETableViewCell.swift in Sources */ = {isa = PBXBuildFile; fileRef = AF7284B11CB1FAF800B8D610 /* BLETableViewCell.swift */; };
		AF7403B21CD4094F004C98E6 /* .gitignore in Resources */ = {isa = PBXBuildFile; fileRef = AF7403B11CD4094F004C98E6 /* .gitignore */; };
		AF7403B41CD40A84004C98E6 /* ClassExtension.swift in Sources */ = {isa = PBXBuildFile; fileRef = AF7403B31CD40A84004C98E6 /* ClassExtension.swift */; };
		AF8BDEA71CB7169300C49885 /* ServiceTableViewCell.swift in Sources */ = {isa = PBXBuildFile; fileRef = AF8BDEA61CB7169300C49885 /* ServiceTableViewCell.swift */; };
		AF8BDEBC1CB867FF00C49885 /* RWNCTableViewController.swift in Sources */ = {isa = PBXBuildFile; fileRef = AF8BDEBB1CB867FF00C49885 /* RWNCTableViewController.swift */; };
		AF8BDEC11CB8BDE400C49885 /* PopoverViewController.swift in Sources */ = {isa = PBXBuildFile; fileRef = AF8BDEBF1CB8BDE400C49885 /* PopoverViewController.swift */; };
		AF8BDEC21CB8BDE400C49885 /* PopoverViewController.xib in Resources */ = {isa = PBXBuildFile; fileRef = AF8BDEC01CB8BDE400C49885 /* PopoverViewController.xib */; };
		AFD10C481CB214E300CD5E86 /* CoreBluetooth.framework in Frameworks */ = {isa = PBXBuildFile; fileRef = AF7284AB1CB1F19600B8D610 /* CoreBluetooth.framework */; };
		AFD10C4A1CB21EF200CD5E86 /* PeripheralInfo.swift in Sources */ = {isa = PBXBuildFile; fileRef = AFD10C491CB21EF200CD5E86 /* PeripheralInfo.swift */; };
		AFD10C4C1CB233B400CD5E86 /* PeripheralControlViewController.swift in Sources */ = {isa = PBXBuildFile; fileRef = AFD10C4B1CB233B400CD5E86 /* PeripheralControlViewController.swift */; };
		AFDA74711CB1EE5800F09BD8 /* AppDelegate.swift in Sources */ = {isa = PBXBuildFile; fileRef = AFDA74701CB1EE5800F09BD8 /* AppDelegate.swift */; };
		AFDA74761CB1EE5800F09BD8 /* Main.storyboard in Resources */ = {isa = PBXBuildFile; fileRef = AFDA74741CB1EE5800F09BD8 /* Main.storyboard */; };
		AFDA74791CB1EE5800F09BD8 /* CZBLEControl.xcdatamodeld in Sources */ = {isa = PBXBuildFile; fileRef = AFDA74771CB1EE5800F09BD8 /* CZBLEControl.xcdatamodeld */; };
		AFDA747B1CB1EE5800F09BD8 /* Assets.xcassets in Resources */ = {isa = PBXBuildFile; fileRef = AFDA747A1CB1EE5800F09BD8 /* Assets.xcassets */; };
		AFDA747E1CB1EE5800F09BD8 /* LaunchScreen.storyboard in Resources */ = {isa = PBXBuildFile; fileRef = AFDA747C1CB1EE5800F09BD8 /* LaunchScreen.storyboard */; };
		AFDA74891CB1EE5900F09BD8 /* CZBLEControlTests.swift in Sources */ = {isa = PBXBuildFile; fileRef = AFDA74881CB1EE5900F09BD8 /* CZBLEControlTests.swift */; };
		AFDA74941CB1EE6600F09BD8 /* Podfile in Resources */ = {isa = PBXBuildFile; fileRef = AFDA74931CB1EE6600F09BD8 /* Podfile */; };
		AFDB2E601D7CD0D3005ADC38 /* SavedDataTableViewController.swift in Sources */ = {isa = PBXBuildFile; fileRef = AFDB2E5F1D7CD0D3005ADC38 /* SavedDataTableViewController.swift */; };
		AFDB2E621D7CE683005ADC38 /* RWNCExtension.swift in Sources */ = {isa = PBXBuildFile; fileRef = AFDB2E611D7CE683005ADC38 /* RWNCExtension.swift */; };
		AFDB2E641D7DF684005ADC38 /* RWNCViewModelTBExtension.swift in Sources */ = {isa = PBXBuildFile; fileRef = AFDB2E631D7DF684005ADC38 /* RWNCViewModelTBExtension.swift */; };
		AFDB2E681D7DF71B005ADC38 /* RWNCViewModelSaveExtension.swift in Sources */ = {isa = PBXBuildFile; fileRef = AFDB2E671D7DF71B005ADC38 /* RWNCViewModelSaveExtension.swift */; };
		AFDB2E6C1D7DFA99005ADC38 /* RWNCBLEExtension.swift in Sources */ = {isa = PBXBuildFile; fileRef = AFDB2E6B1D7DFA99005ADC38 /* RWNCBLEExtension.swift */; };
		AFE578071D2B1B7100DFED23 /* RWNCViewModel.swift in Sources */ = {isa = PBXBuildFile; fileRef = AFE578061D2B1B7100DFED23 /* RWNCViewModel.swift */; };
		B23B35AF1D821D5500E90E08 /* SavedDataSourceTableViewController.swift in Sources */ = {isa = PBXBuildFile; fileRef = B23B35AE1D821D5500E90E08 /* SavedDataSourceTableViewController.swift */; };
		B23B35B31D8226D100E90E08 /* SavedDataTableViewCell.swift in Sources */ = {isa = PBXBuildFile; fileRef = B23B35B21D8226D100E90E08 /* SavedDataTableViewCell.swift */; };
		B260F6DA1D80D4E9007A9378 /* DataPublicHeader.swift in Sources */ = {isa = PBXBuildFile; fileRef = B260F6D91D80D4E9007A9378 /* DataPublicHeader.swift */; };
		B260F6DD1D81F54A007A9378 /* SavedDataDetailTableViewController.swift in Sources */ = {isa = PBXBuildFile; fileRef = B260F6DC1D81F54A007A9378 /* SavedDataDetailTableViewController.swift */; };
		B260F6DF1D821BDE007A9378 /* SavedDataVCExtension.swift in Sources */ = {isa = PBXBuildFile; fileRef = B260F6DE1D821BDE007A9378 /* SavedDataVCExtension.swift */; };
		B2674D901D5A7A3F00BCC441 /* CoreDataManager.swift in Sources */ = {isa = PBXBuildFile; fileRef = B2674D8F1D5A7A3F00BCC441 /* CoreDataManager.swift */; };
		B2674D931D5A9A9300BCC441 /* GoogleDriveManager.swift in Sources */ = {isa = PBXBuildFile; fileRef = B2674D921D5A9A9300BCC441 /* GoogleDriveManager.swift */; };
		F166EA52CF9A46DB5586816B /* Pods_CZBLEControl.framework in Frameworks */ = {isa = PBXBuildFile; fileRef = 282D07E11D04929118FA4303 /* Pods_CZBLEControl.framework */; settings = {ATTRIBUTES = (Weak, ); }; };
/* End PBXBuildFile section */

/* Begin PBXContainerItemProxy section */
		AFDA74851CB1EE5800F09BD8 /* PBXContainerItemProxy */ = {
			isa = PBXContainerItemProxy;
			containerPortal = AFDA74651CB1EE5800F09BD8 /* Project object */;
			proxyType = 1;
			remoteGlobalIDString = AFDA746C1CB1EE5800F09BD8;
			remoteInfo = CZBLEControl;
		};
/* End PBXContainerItemProxy section */

/* Begin PBXFileReference section */
		282D07E11D04929118FA4303 /* Pods_CZBLEControl.framework */ = {isa = PBXFileReference; explicitFileType = wrapper.framework; includeInIndex = 0; path = Pods_CZBLEControl.framework; sourceTree = BUILT_PRODUCTS_DIR; };
		35CA0B711D4A0CC88DDA1ADC /* Pods-CZBLEControl.debug.xcconfig */ = {isa = PBXFileReference; includeInIndex = 1; lastKnownFileType = text.xcconfig; name = "Pods-CZBLEControl.debug.xcconfig"; path = "Pods/Target Support Files/Pods-CZBLEControl/Pods-CZBLEControl.debug.xcconfig"; sourceTree = "<group>"; };
		AF68D29A1D7BC043008F320A /* AccountManagerViewController.swift */ = {isa = PBXFileReference; fileEncoding = 4; lastKnownFileType = sourcecode.swift; path = AccountManagerViewController.swift; sourceTree = "<group>"; };
		AF68D29D1D7BF246008F320A /* DropBoxManager.swift */ = {isa = PBXFileReference; fileEncoding = 4; lastKnownFileType = sourcecode.swift; path = DropBoxManager.swift; sourceTree = "<group>"; };
		AF6E07991D263EBA0007E92F /* BLETableViewModel.swift */ = {isa = PBXFileReference; fileEncoding = 4; lastKnownFileType = sourcecode.swift; path = BLETableViewModel.swift; sourceTree = "<group>"; };
		AF6E079E1D2655C80007E92F /* CustomView.swift */ = {isa = PBXFileReference; fileEncoding = 4; lastKnownFileType = sourcecode.swift; path = CustomView.swift; sourceTree = "<group>"; };
		AF6E07A61D27A39D0007E92F /* BLECellViewModel.swift */ = {isa = PBXFileReference; fileEncoding = 4; lastKnownFileType = sourcecode.swift; path = BLECellViewModel.swift; sourceTree = "<group>"; };
		AF6E07AD1D284A440007E92F /* PeripheralViewModel.swift */ = {isa = PBXFileReference; fileEncoding = 4; lastKnownFileType = sourcecode.swift; path = PeripheralViewModel.swift; sourceTree = "<group>"; };
		AF6E07AF1D284A590007E92F /* PeripheralCellViewModel.swift */ = {isa = PBXFileReference; fileEncoding = 4; lastKnownFileType = sourcecode.swift; path = PeripheralCellViewModel.swift; sourceTree = "<group>"; };
		AF6E07B21D284A8B0007E92F /* CharacterInfo.swift */ = {isa = PBXFileReference; fileEncoding = 4; lastKnownFileType = sourcecode.swift; path = CharacterInfo.swift; sourceTree = "<group>"; };
		AF7284A81CB1F14200B8D610 /* BLETableViewController.swift */ = {isa = PBXFileReference; fileEncoding = 4; lastKnownFileType = sourcecode.swift; path = BLETableViewController.swift; sourceTree = "<group>"; };
		AF7284AB1CB1F19600B8D610 /* CoreBluetooth.framework */ = {isa = PBXFileReference; lastKnownFileType = wrapper.framework; name = CoreBluetooth.framework; path = System/Library/Frameworks/CoreBluetooth.framework; sourceTree = SDKROOT; };
		AF7284AD1CB1F44600B8D610 /* CustomAlertController.swift */ = {isa = PBXFileReference; fileEncoding = 4; lastKnownFileType = sourcecode.swift; path = CustomAlertController.swift; sourceTree = "<group>"; };
		AF7284B11CB1FAF800B8D610 /* BLETableViewCell.swift */ = {isa = PBXFileReference; fileEncoding = 4; lastKnownFileType = sourcecode.swift; path = BLETableViewCell.swift; sourceTree = "<group>"; };
		AF7403B11CD4094F004C98E6 /* .gitignore */ = {isa = PBXFileReference; fileEncoding = 4; lastKnownFileType = text; path = .gitignore; sourceTree = "<group>"; };
		AF7403B31CD40A84004C98E6 /* ClassExtension.swift */ = {isa = PBXFileReference; fileEncoding = 4; lastKnownFileType = sourcecode.swift; path = ClassExtension.swift; sourceTree = "<group>"; };
		AF8BDEA61CB7169300C49885 /* ServiceTableViewCell.swift */ = {isa = PBXFileReference; fileEncoding = 4; lastKnownFileType = sourcecode.swift; path = ServiceTableViewCell.swift; sourceTree = "<group>"; };
		AF8BDEBB1CB867FF00C49885 /* RWNCTableViewController.swift */ = {isa = PBXFileReference; fileEncoding = 4; lastKnownFileType = sourcecode.swift; path = RWNCTableViewController.swift; sourceTree = "<group>"; };
		AF8BDEBF1CB8BDE400C49885 /* PopoverViewController.swift */ = {isa = PBXFileReference; fileEncoding = 4; lastKnownFileType = sourcecode.swift; path = PopoverViewController.swift; sourceTree = "<group>"; };
		AF8BDEC01CB8BDE400C49885 /* PopoverViewController.xib */ = {isa = PBXFileReference; fileEncoding = 4; lastKnownFileType = file.xib; path = PopoverViewController.xib; sourceTree = "<group>"; };
		AFD10C491CB21EF200CD5E86 /* PeripheralInfo.swift */ = {isa = PBXFileReference; fileEncoding = 4; lastKnownFileType = sourcecode.swift; path = PeripheralInfo.swift; sourceTree = "<group>"; };
		AFD10C4B1CB233B400CD5E86 /* PeripheralControlViewController.swift */ = {isa = PBXFileReference; fileEncoding = 4; lastKnownFileType = sourcecode.swift; path = PeripheralControlViewController.swift; sourceTree = "<group>"; };
		AFDA746D1CB1EE5800F09BD8 /* CZBLEControl.app */ = {isa = PBXFileReference; explicitFileType = wrapper.application; includeInIndex = 0; path = CZBLEControl.app; sourceTree = BUILT_PRODUCTS_DIR; };
		AFDA74701CB1EE5800F09BD8 /* AppDelegate.swift */ = {isa = PBXFileReference; lastKnownFileType = sourcecode.swift; path = AppDelegate.swift; sourceTree = "<group>"; };
		AFDA74751CB1EE5800F09BD8 /* Base */ = {isa = PBXFileReference; lastKnownFileType = file.storyboard; name = Base; path = Base.lproj/Main.storyboard; sourceTree = "<group>"; };
		AFDA74781CB1EE5800F09BD8 /* CZBLEControl.xcdatamodel */ = {isa = PBXFileReference; lastKnownFileType = wrapper.xcdatamodel; path = CZBLEControl.xcdatamodel; sourceTree = "<group>"; };
		AFDA747A1CB1EE5800F09BD8 /* Assets.xcassets */ = {isa = PBXFileReference; lastKnownFileType = folder.assetcatalog; path = Assets.xcassets; sourceTree = "<group>"; };
		AFDA747D1CB1EE5800F09BD8 /* Base */ = {isa = PBXFileReference; lastKnownFileType = file.storyboard; name = Base; path = Base.lproj/LaunchScreen.storyboard; sourceTree = "<group>"; };
		AFDA747F1CB1EE5800F09BD8 /* Info.plist */ = {isa = PBXFileReference; lastKnownFileType = text.plist.xml; path = Info.plist; sourceTree = "<group>"; };
		AFDA74841CB1EE5800F09BD8 /* CZBLEControlTests.xctest */ = {isa = PBXFileReference; explicitFileType = wrapper.cfbundle; includeInIndex = 0; path = CZBLEControlTests.xctest; sourceTree = BUILT_PRODUCTS_DIR; };
		AFDA74881CB1EE5900F09BD8 /* CZBLEControlTests.swift */ = {isa = PBXFileReference; lastKnownFileType = sourcecode.swift; path = CZBLEControlTests.swift; sourceTree = "<group>"; };
		AFDA748A1CB1EE5900F09BD8 /* Info.plist */ = {isa = PBXFileReference; lastKnownFileType = text.plist.xml; path = Info.plist; sourceTree = "<group>"; };
		AFDA74931CB1EE6600F09BD8 /* Podfile */ = {isa = PBXFileReference; fileEncoding = 4; lastKnownFileType = text; path = Podfile; sourceTree = "<group>"; xcLanguageSpecificationIdentifier = xcode.lang.ruby; };
		AFDB2E5F1D7CD0D3005ADC38 /* SavedDataTableViewController.swift */ = {isa = PBXFileReference; fileEncoding = 4; lastKnownFileType = sourcecode.swift; path = SavedDataTableViewController.swift; sourceTree = "<group>"; };
		AFDB2E611D7CE683005ADC38 /* RWNCExtension.swift */ = {isa = PBXFileReference; fileEncoding = 4; lastKnownFileType = sourcecode.swift; path = RWNCExtension.swift; sourceTree = "<group>"; };
		AFDB2E631D7DF684005ADC38 /* RWNCViewModelTBExtension.swift */ = {isa = PBXFileReference; fileEncoding = 4; lastKnownFileType = sourcecode.swift; path = RWNCViewModelTBExtension.swift; sourceTree = "<group>"; };
		AFDB2E671D7DF71B005ADC38 /* RWNCViewModelSaveExtension.swift */ = {isa = PBXFileReference; fileEncoding = 4; lastKnownFileType = sourcecode.swift; path = RWNCViewModelSaveExtension.swift; sourceTree = "<group>"; };
		AFDB2E6B1D7DFA99005ADC38 /* RWNCBLEExtension.swift */ = {isa = PBXFileReference; fileEncoding = 4; lastKnownFileType = sourcecode.swift; path = RWNCBLEExtension.swift; sourceTree = "<group>"; };
		AFE578061D2B1B7100DFED23 /* RWNCViewModel.swift */ = {isa = PBXFileReference; fileEncoding = 4; lastKnownFileType = sourcecode.swift; path = RWNCViewModel.swift; sourceTree = "<group>"; };
		B23B35AE1D821D5500E90E08 /* SavedDataSourceTableViewController.swift */ = {isa = PBXFileReference; fileEncoding = 4; lastKnownFileType = sourcecode.swift; path = SavedDataSourceTableViewController.swift; sourceTree = "<group>"; };
		B23B35B21D8226D100E90E08 /* SavedDataTableViewCell.swift */ = {isa = PBXFileReference; fileEncoding = 4; lastKnownFileType = sourcecode.swift; path = SavedDataTableViewCell.swift; sourceTree = "<group>"; };
		B260F6D91D80D4E9007A9378 /* DataPublicHeader.swift */ = {isa = PBXFileReference; fileEncoding = 4; lastKnownFileType = sourcecode.swift; path = DataPublicHeader.swift; sourceTree = "<group>"; };
		B260F6DC1D81F54A007A9378 /* SavedDataDetailTableViewController.swift */ = {isa = PBXFileReference; fileEncoding = 4; lastKnownFileType = sourcecode.swift; path = SavedDataDetailTableViewController.swift; sourceTree = "<group>"; };
		B260F6DE1D821BDE007A9378 /* SavedDataVCExtension.swift */ = {isa = PBXFileReference; fileEncoding = 4; lastKnownFileType = sourcecode.swift; path = SavedDataVCExtension.swift; sourceTree = "<group>"; };
		B2674D8F1D5A7A3F00BCC441 /* CoreDataManager.swift */ = {isa = PBXFileReference; fileEncoding = 4; lastKnownFileType = sourcecode.swift; path = CoreDataManager.swift; sourceTree = "<group>"; };
		B2674D921D5A9A9300BCC441 /* GoogleDriveManager.swift */ = {isa = PBXFileReference; fileEncoding = 4; lastKnownFileType = sourcecode.swift; path = GoogleDriveManager.swift; sourceTree = "<group>"; };
		E1EB2B8A0E5D5F15FDA3D249 /* Pods-CZBLEControl.release.xcconfig */ = {isa = PBXFileReference; includeInIndex = 1; lastKnownFileType = text.xcconfig; name = "Pods-CZBLEControl.release.xcconfig"; path = "Pods/Target Support Files/Pods-CZBLEControl/Pods-CZBLEControl.release.xcconfig"; sourceTree = "<group>"; };
/* End PBXFileReference section */

/* Begin PBXFrameworksBuildPhase section */
		AFDA746A1CB1EE5800F09BD8 /* Frameworks */ = {
			isa = PBXFrameworksBuildPhase;
			buildActionMask = 2147483647;
			files = (
				AFD10C481CB214E300CD5E86 /* CoreBluetooth.framework in Frameworks */,
				F166EA52CF9A46DB5586816B /* Pods_CZBLEControl.framework in Frameworks */,
			);
			runOnlyForDeploymentPostprocessing = 0;
		};
		AFDA74811CB1EE5800F09BD8 /* Frameworks */ = {
			isa = PBXFrameworksBuildPhase;
			buildActionMask = 2147483647;
			files = (
			);
			runOnlyForDeploymentPostprocessing = 0;
		};
/* End PBXFrameworksBuildPhase section */

/* Begin PBXGroup section */
		8994A5E92655306A89DBE12D /* Pods */ = {
			isa = PBXGroup;
			children = (
				35CA0B711D4A0CC88DDA1ADC /* Pods-CZBLEControl.debug.xcconfig */,
				E1EB2B8A0E5D5F15FDA3D249 /* Pods-CZBLEControl.release.xcconfig */,
			);
			name = Pods;
			sourceTree = "<group>";
		};
		AF68D2991D7BC01F008F320A /* Settings */ = {
			isa = PBXGroup;
			children = (
				AF68D29A1D7BC043008F320A /* AccountManagerViewController.swift */,
				B23B35B01D821D7B00E90E08 /* Saved Data TableViews */,
			);
			name = Settings;
			sourceTree = "<group>";
		};
		AF68D29C1D7BF224008F320A /* Bluetooth */ = {
			isa = PBXGroup;
			children = (
				AF7284AA1CB1F17B00B8D610 /* Peripheral List */,
				AF6E07981D263E4D0007E92F /* Peripheral Detail */,
				AF8BDEB21CB8628400C49885 /* DetailsControl */,
			);
			name = Bluetooth;
			sourceTree = "<group>";
		};
		AF6E07981D263E4D0007E92F /* Peripheral Detail */ = {
			isa = PBXGroup;
			children = (
				AF6E07AB1D284A220007E92F /* View */,
				AF6E07AC1D284A300007E92F /* ViewModel */,
				AF6E07B11D284A660007E92F /* Model */,
			);
			name = "Peripheral Detail";
			sourceTree = "<group>";
		};
		AF6E079B1D264D290007E92F /* View */ = {
			isa = PBXGroup;
			children = (
				AF7284A81CB1F14200B8D610 /* BLETableViewController.swift */,
				AF7284B11CB1FAF800B8D610 /* BLETableViewCell.swift */,
			);
			name = View;
			sourceTree = "<group>";
		};
		AF6E079C1D264D350007E92F /* ViewModel */ = {
			isa = PBXGroup;
			children = (
				AF6E07991D263EBA0007E92F /* BLETableViewModel.swift */,
				AF6E07A61D27A39D0007E92F /* BLECellViewModel.swift */,
			);
			name = ViewModel;
			sourceTree = "<group>";
		};
		AF6E079D1D264D460007E92F /* Model */ = {
			isa = PBXGroup;
			children = (
				AFD10C491CB21EF200CD5E86 /* PeripheralInfo.swift */,
			);
			name = Model;
			sourceTree = "<group>";
		};
		AF6E07A41D2660980007E92F /* Public View */ = {
			isa = PBXGroup;
			children = (
				AF6E079E1D2655C80007E92F /* CustomView.swift */,
			);
			name = "Public View";
			sourceTree = "<group>";
		};
		AF6E07A51D2660A40007E92F /* Public Controller */ = {
			isa = PBXGroup;
			children = (
				AF7284AD1CB1F44600B8D610 /* CustomAlertController.swift */,
			);
			name = "Public Controller";
			sourceTree = "<group>";
		};
		AF6E07AB1D284A220007E92F /* View */ = {
			isa = PBXGroup;
			children = (
				AFD10C4B1CB233B400CD5E86 /* PeripheralControlViewController.swift */,
				AF8BDEA61CB7169300C49885 /* ServiceTableViewCell.swift */,
			);
			name = View;
			sourceTree = "<group>";
		};
		AF6E07AC1D284A300007E92F /* ViewModel */ = {
			isa = PBXGroup;
			children = (
				AF6E07AD1D284A440007E92F /* PeripheralViewModel.swift */,
				AF6E07AF1D284A590007E92F /* PeripheralCellViewModel.swift */,
			);
			name = ViewModel;
			sourceTree = "<group>";
		};
		AF6E07B11D284A660007E92F /* Model */ = {
			isa = PBXGroup;
			children = (
				AF6E07B21D284A8B0007E92F /* CharacterInfo.swift */,
			);
			name = Model;
			sourceTree = "<group>";
		};
		AF6E07B61D284B270007E92F /* View */ = {
			isa = PBXGroup;
			children = (
				AF8BDEBB1CB867FF00C49885 /* RWNCTableViewController.swift */,
				AFDB2E611D7CE683005ADC38 /* RWNCExtension.swift */,
				AFDB2E6B1D7DFA99005ADC38 /* RWNCBLEExtension.swift */,
				AF8BDEBF1CB8BDE400C49885 /* PopoverViewController.swift */,
				AF8BDEC01CB8BDE400C49885 /* PopoverViewController.xib */,
			);
			name = View;
			sourceTree = "<group>";
		};
		AF7284AA1CB1F17B00B8D610 /* Peripheral List */ = {
			isa = PBXGroup;
			children = (
				AF6E079B1D264D290007E92F /* View */,
				AF6E079C1D264D350007E92F /* ViewModel */,
				AF6E079D1D264D460007E92F /* Model */,
			);
			name = "Peripheral List";
			sourceTree = "<group>";
		};
		AF7403B01CD40776004C98E6 /* Resources */ = {
			isa = PBXGroup;
			children = (
				AFDA74931CB1EE6600F09BD8 /* Podfile */,
				AF7403B11CD4094F004C98E6 /* .gitignore */,
			);
			name = Resources;
			sourceTree = "<group>";
		};
		AF8BDEB21CB8628400C49885 /* DetailsControl */ = {
			isa = PBXGroup;
			children = (
				AF6E07B61D284B270007E92F /* View */,
				AFE578051D2B1B5300DFED23 /* ViewModel */,
			);
			name = DetailsControl;
			sourceTree = "<group>";
		};
		AFDA74641CB1EE5800F09BD8 = {
			isa = PBXGroup;
			children = (
				AFDA746F1CB1EE5800F09BD8 /* CZBLEControl */,
				AFDA74871CB1EE5800F09BD8 /* CZBLEControlTests */,
				AFDA746E1CB1EE5800F09BD8 /* Products */,
				C70898AF65AABA5604E6720E /* Frameworks */,
				AF7403B01CD40776004C98E6 /* Resources */,
				8994A5E92655306A89DBE12D /* Pods */,
			);
			sourceTree = "<group>";
		};
		AFDA746E1CB1EE5800F09BD8 /* Products */ = {
			isa = PBXGroup;
			children = (
				AFDA746D1CB1EE5800F09BD8 /* CZBLEControl.app */,
				AFDA74841CB1EE5800F09BD8 /* CZBLEControlTests.xctest */,
			);
			name = Products;
			sourceTree = "<group>";
		};
		AFDA746F1CB1EE5800F09BD8 /* CZBLEControl */ = {
			isa = PBXGroup;
			children = (
				AFDA74701CB1EE5800F09BD8 /* AppDelegate.swift */,
				AF7403B31CD40A84004C98E6 /* ClassExtension.swift */,
				AF6E07A41D2660980007E92F /* Public View */,
				AF6E07A51D2660A40007E92F /* Public Controller */,
				B2674D8E1D5A7A2500BCC441 /* Public Model */,
				AF68D29C1D7BF224008F320A /* Bluetooth */,
				AF68D2991D7BC01F008F320A /* Settings */,
				B2674D911D5A9A5100BCC441 /* Data Persistence */,
				AFDA74741CB1EE5800F09BD8 /* Main.storyboard */,
				AFDA747A1CB1EE5800F09BD8 /* Assets.xcassets */,
				AFDA747C1CB1EE5800F09BD8 /* LaunchScreen.storyboard */,
				AFDA747F1CB1EE5800F09BD8 /* Info.plist */,
				AFDA74771CB1EE5800F09BD8 /* CZBLEControl.xcdatamodeld */,
			);
			path = CZBLEControl;
			sourceTree = "<group>";
		};
		AFDA74871CB1EE5800F09BD8 /* CZBLEControlTests */ = {
			isa = PBXGroup;
			children = (
				AFDA74881CB1EE5900F09BD8 /* CZBLEControlTests.swift */,
				AFDA748A1CB1EE5900F09BD8 /* Info.plist */,
			);
			path = CZBLEControlTests;
			sourceTree = "<group>";
		};
		AFE578051D2B1B5300DFED23 /* ViewModel */ = {
			isa = PBXGroup;
			children = (
				AFE578061D2B1B7100DFED23 /* RWNCViewModel.swift */,
				AFDB2E631D7DF684005ADC38 /* RWNCViewModelTBExtension.swift */,
				AFDB2E671D7DF71B005ADC38 /* RWNCViewModelSaveExtension.swift */,
			);
			name = ViewModel;
			sourceTree = "<group>";
		};
		B23B35B01D821D7B00E90E08 /* Saved Data TableViews */ = {
			isa = PBXGroup;
			children = (
				B23B35AE1D821D5500E90E08 /* SavedDataSourceTableViewController.swift */,
				AFDB2E5F1D7CD0D3005ADC38 /* SavedDataTableViewController.swift */,
				B260F6DE1D821BDE007A9378 /* SavedDataVCExtension.swift */,
				B23B35B21D8226D100E90E08 /* SavedDataTableViewCell.swift */,
				B260F6DC1D81F54A007A9378 /* SavedDataDetailTableViewController.swift */,
			);
			name = "Saved Data TableViews";
			sourceTree = "<group>";
		};
		B2674D8E1D5A7A2500BCC441 /* Public Model */ = {
			isa = PBXGroup;
			children = (
			);
			name = "Public Model";
			sourceTree = "<group>";
		};
		B2674D911D5A9A5100BCC441 /* Data Persistence */ = {
			isa = PBXGroup;
			children = (
				B260F6D91D80D4E9007A9378 /* DataPublicHeader.swift */,
				B2674D8F1D5A7A3F00BCC441 /* CoreDataManager.swift */,
				B2674D921D5A9A9300BCC441 /* GoogleDriveManager.swift */,
				AF68D29D1D7BF246008F320A /* DropBoxManager.swift */,
			);
			name = "Data Persistence";
			sourceTree = "<group>";
		};
		C70898AF65AABA5604E6720E /* Frameworks */ = {
			isa = PBXGroup;
			children = (
				AF7284AB1CB1F19600B8D610 /* CoreBluetooth.framework */,
				282D07E11D04929118FA4303 /* Pods_CZBLEControl.framework */,
			);
			name = Frameworks;
			sourceTree = "<group>";
		};
/* End PBXGroup section */

/* Begin PBXNativeTarget section */
		AFDA746C1CB1EE5800F09BD8 /* CZBLEControl */ = {
			isa = PBXNativeTarget;
			buildConfigurationList = AFDA748D1CB1EE5900F09BD8 /* Build configuration list for PBXNativeTarget "CZBLEControl" */;
			buildPhases = (
				59C2DD421C005B93026B465D /* [CP] Check Pods Manifest.lock */,
				AFDA74691CB1EE5800F09BD8 /* Sources */,
				AFDA746A1CB1EE5800F09BD8 /* Frameworks */,
				AFDA746B1CB1EE5800F09BD8 /* Resources */,
				AF6E07951D2630750007E92F /* ShellScript */,
				979929ECDA476B831EBAFB91 /* [CP] Embed Pods Frameworks */,
				B260418F3E475BC7859B56A1 /* [CP] Copy Pods Resources */,
			);
			buildRules = (
			);
			dependencies = (
			);
			name = CZBLEControl;
			productName = CZBLEControl;
			productReference = AFDA746D1CB1EE5800F09BD8 /* CZBLEControl.app */;
			productType = "com.apple.product-type.application";
		};
		AFDA74831CB1EE5800F09BD8 /* CZBLEControlTests */ = {
			isa = PBXNativeTarget;
			buildConfigurationList = AFDA74901CB1EE5900F09BD8 /* Build configuration list for PBXNativeTarget "CZBLEControlTests" */;
			buildPhases = (
				AFDA74801CB1EE5800F09BD8 /* Sources */,
				AFDA74811CB1EE5800F09BD8 /* Frameworks */,
				AFDA74821CB1EE5800F09BD8 /* Resources */,
			);
			buildRules = (
			);
			dependencies = (
				AFDA74861CB1EE5800F09BD8 /* PBXTargetDependency */,
			);
			name = CZBLEControlTests;
			productName = CZBLEControlTests;
			productReference = AFDA74841CB1EE5800F09BD8 /* CZBLEControlTests.xctest */;
			productType = "com.apple.product-type.bundle.unit-test";
		};
/* End PBXNativeTarget section */

/* Begin PBXProject section */
		AFDA74651CB1EE5800F09BD8 /* Project object */ = {
			isa = PBXProject;
			attributes = {
				LastSwiftUpdateCheck = 0730;
				LastUpgradeCheck = 0730;
				ORGANIZATIONNAME = ChengzhiJia;
				TargetAttributes = {
					AFDA746C1CB1EE5800F09BD8 = {
						CreatedOnToolsVersion = 7.3;
						DevelopmentTeam = LPRD99FQ39;
					};
					AFDA74831CB1EE5800F09BD8 = {
						CreatedOnToolsVersion = 7.3;
						TestTargetID = AFDA746C1CB1EE5800F09BD8;
					};
				};
			};
			buildConfigurationList = AFDA74681CB1EE5800F09BD8 /* Build configuration list for PBXProject "CZBLEControl" */;
			compatibilityVersion = "Xcode 3.2";
			developmentRegion = English;
			hasScannedForEncodings = 0;
			knownRegions = (
				en,
				Base,
			);
			mainGroup = AFDA74641CB1EE5800F09BD8;
			productRefGroup = AFDA746E1CB1EE5800F09BD8 /* Products */;
			projectDirPath = "";
			projectRoot = "";
			targets = (
				AFDA746C1CB1EE5800F09BD8 /* CZBLEControl */,
				AFDA74831CB1EE5800F09BD8 /* CZBLEControlTests */,
			);
		};
/* End PBXProject section */

/* Begin PBXResourcesBuildPhase section */
		AFDA746B1CB1EE5800F09BD8 /* Resources */ = {
			isa = PBXResourcesBuildPhase;
			buildActionMask = 2147483647;
			files = (
				AFDA747E1CB1EE5800F09BD8 /* LaunchScreen.storyboard in Resources */,
				AFDA747B1CB1EE5800F09BD8 /* Assets.xcassets in Resources */,
				AFDA74941CB1EE6600F09BD8 /* Podfile in Resources */,
				AFDA74761CB1EE5800F09BD8 /* Main.storyboard in Resources */,
				AF7403B21CD4094F004C98E6 /* .gitignore in Resources */,
				AF8BDEC21CB8BDE400C49885 /* PopoverViewController.xib in Resources */,
			);
			runOnlyForDeploymentPostprocessing = 0;
		};
		AFDA74821CB1EE5800F09BD8 /* Resources */ = {
			isa = PBXResourcesBuildPhase;
			buildActionMask = 2147483647;
			files = (
			);
			runOnlyForDeploymentPostprocessing = 0;
		};
/* End PBXResourcesBuildPhase section */

/* Begin PBXShellScriptBuildPhase section */
		59C2DD421C005B93026B465D /* [CP] Check Pods Manifest.lock */ = {
			isa = PBXShellScriptBuildPhase;
			buildActionMask = 2147483647;
			files = (
			);
			inputPaths = (
			);
			name = "[CP] Check Pods Manifest.lock";
			outputPaths = (
			);
			runOnlyForDeploymentPostprocessing = 0;
			shellPath = /bin/sh;
			shellScript = "diff \"${PODS_ROOT}/../Podfile.lock\" \"${PODS_ROOT}/Manifest.lock\" > /dev/null\nif [[ $? != 0 ]] ; then\n    cat << EOM\nerror: The sandbox is not in sync with the Podfile.lock. Run 'pod install' or update your CocoaPods installation.\nEOM\n    exit 1\nfi\n";
			showEnvVarsInLog = 0;
		};
		979929ECDA476B831EBAFB91 /* [CP] Embed Pods Frameworks */ = {
			isa = PBXShellScriptBuildPhase;
			buildActionMask = 2147483647;
			files = (
			);
			inputPaths = (
			);
			name = "[CP] Embed Pods Frameworks";
			outputPaths = (
			);
			runOnlyForDeploymentPostprocessing = 0;
			shellPath = /bin/sh;
			shellScript = "\"${SRCROOT}/Pods/Target Support Files/Pods-CZBLEControl/Pods-CZBLEControl-frameworks.sh\"\n";
			showEnvVarsInLog = 0;
		};
		AF6E07951D2630750007E92F /* ShellScript */ = {
			isa = PBXShellScriptBuildPhase;
			buildActionMask = 2147483647;
			files = (
			);
			inputPaths = (
			);
			outputPaths = (
			);
			runOnlyForDeploymentPostprocessing = 0;
			shellPath = /bin/sh;
			shellScript = "\"${PODS_ROOT}/Fabric/run\" 8b1ffe8ddd6736a4c3bd892f971dcddb44a7b4c5 81865fc4be68129b80e68cc3cdd42d63fc22b127098d2ac8f68c4fe260fa504f";
		};
		B260418F3E475BC7859B56A1 /* [CP] Copy Pods Resources */ = {
			isa = PBXShellScriptBuildPhase;
			buildActionMask = 2147483647;
			files = (
			);
			inputPaths = (
			);
			name = "[CP] Copy Pods Resources";
			outputPaths = (
			);
			runOnlyForDeploymentPostprocessing = 0;
			shellPath = /bin/sh;
			shellScript = "\"${SRCROOT}/Pods/Target Support Files/Pods-CZBLEControl/Pods-CZBLEControl-resources.sh\"\n";
			showEnvVarsInLog = 0;
		};
/* End PBXShellScriptBuildPhase section */

/* Begin PBXSourcesBuildPhase section */
		AFDA74691CB1EE5800F09BD8 /* Sources */ = {
			isa = PBXSourcesBuildPhase;
			buildActionMask = 2147483647;
			files = (
				AF7284AE1CB1F44600B8D610 /* CustomAlertController.swift in Sources */,
				AF8BDEC11CB8BDE400C49885 /* PopoverViewController.swift in Sources */,
				AF6E07A71D27A39D0007E92F /* BLECellViewModel.swift in Sources */,
				B2674D901D5A7A3F00BCC441 /* CoreDataManager.swift in Sources */,
				AFDA74791CB1EE5800F09BD8 /* CZBLEControl.xcdatamodeld in Sources */,
				B2674D931D5A9A9300BCC441 /* GoogleDriveManager.swift in Sources */,
				AFDB2E681D7DF71B005ADC38 /* RWNCViewModelSaveExtension.swift in Sources */,
				B23B35B31D8226D100E90E08 /* SavedDataTableViewCell.swift in Sources */,
				AF6E079F1D2655C80007E92F /* CustomView.swift in Sources */,
				AFDB2E641D7DF684005ADC38 /* RWNCViewModelTBExtension.swift in Sources */,
				AF7284B21CB1FAF800B8D610 /* BLETableViewCell.swift in Sources */,
				AFE578071D2B1B7100DFED23 /* RWNCViewModel.swift in Sources */,
				AF7284A91CB1F14200B8D610 /* BLETableViewController.swift in Sources */,
				AFD10C4C1CB233B400CD5E86 /* PeripheralControlViewController.swift in Sources */,
				B260F6DD1D81F54A007A9378 /* SavedDataDetailTableViewController.swift in Sources */,
				AF6E079A1D263EBA0007E92F /* BLETableViewModel.swift in Sources */,
				AFDB2E601D7CD0D3005ADC38 /* SavedDataTableViewController.swift in Sources */,
				AFDB2E621D7CE683005ADC38 /* RWNCExtension.swift in Sources */,
				AF8BDEBC1CB867FF00C49885 /* RWNCTableViewController.swift in Sources */,
				B23B35AF1D821D5500E90E08 /* SavedDataSourceTableViewController.swift in Sources */,
				B260F6DF1D821BDE007A9378 /* SavedDataVCExtension.swift in Sources */,
				AF8BDEA71CB7169300C49885 /* ServiceTableViewCell.swift in Sources */,
				AF6E07AE1D284A440007E92F /* PeripheralViewModel.swift in Sources */,
				B260F6DA1D80D4E9007A9378 /* DataPublicHeader.swift in Sources */,
				AFD10C4A1CB21EF200CD5E86 /* PeripheralInfo.swift in Sources */,
				AF6E07B01D284A590007E92F /* PeripheralCellViewModel.swift in Sources */,
				AF6E07B31D284A8B0007E92F /* CharacterInfo.swift in Sources */,
				AF68D29E1D7BF246008F320A /* DropBoxManager.swift in Sources */,
				AFDB2E6C1D7DFA99005ADC38 /* RWNCBLEExtension.swift in Sources */,
				AF7403B41CD40A84004C98E6 /* ClassExtension.swift in Sources */,
				AFDA74711CB1EE5800F09BD8 /* AppDelegate.swift in Sources */,
				AF68D29B1D7BC043008F320A /* AccountManagerViewController.swift in Sources */,
			);
			runOnlyForDeploymentPostprocessing = 0;
		};
		AFDA74801CB1EE5800F09BD8 /* Sources */ = {
			isa = PBXSourcesBuildPhase;
			buildActionMask = 2147483647;
			files = (
				AFDA74891CB1EE5900F09BD8 /* CZBLEControlTests.swift in Sources */,
			);
			runOnlyForDeploymentPostprocessing = 0;
		};
/* End PBXSourcesBuildPhase section */

/* Begin PBXTargetDependency section */
		AFDA74861CB1EE5800F09BD8 /* PBXTargetDependency */ = {
			isa = PBXTargetDependency;
			target = AFDA746C1CB1EE5800F09BD8 /* CZBLEControl */;
			targetProxy = AFDA74851CB1EE5800F09BD8 /* PBXContainerItemProxy */;
		};
/* End PBXTargetDependency section */

/* Begin PBXVariantGroup section */
		AFDA74741CB1EE5800F09BD8 /* Main.storyboard */ = {
			isa = PBXVariantGroup;
			children = (
				AFDA74751CB1EE5800F09BD8 /* Base */,
			);
			name = Main.storyboard;
			sourceTree = "<group>";
		};
		AFDA747C1CB1EE5800F09BD8 /* LaunchScreen.storyboard */ = {
			isa = PBXVariantGroup;
			children = (
				AFDA747D1CB1EE5800F09BD8 /* Base */,
			);
			name = LaunchScreen.storyboard;
			sourceTree = "<group>";
		};
/* End PBXVariantGroup section */

/* Begin XCBuildConfiguration section */
		AFDA748B1CB1EE5900F09BD8 /* Debug */ = {
			isa = XCBuildConfiguration;
			buildSettings = {
				ALWAYS_SEARCH_USER_PATHS = NO;
				CLANG_ANALYZER_NONNULL = YES;
				CLANG_CXX_LANGUAGE_STANDARD = "gnu++0x";
				CLANG_CXX_LIBRARY = "libc++";
				CLANG_ENABLE_MODULES = YES;
				CLANG_ENABLE_OBJC_ARC = YES;
				CLANG_WARN_BOOL_CONVERSION = YES;
				CLANG_WARN_CONSTANT_CONVERSION = YES;
				CLANG_WARN_DIRECT_OBJC_ISA_USAGE = YES_ERROR;
				CLANG_WARN_EMPTY_BODY = YES;
				CLANG_WARN_ENUM_CONVERSION = YES;
				CLANG_WARN_INT_CONVERSION = YES;
				CLANG_WARN_OBJC_ROOT_CLASS = YES_ERROR;
				CLANG_WARN_UNREACHABLE_CODE = YES;
				CLANG_WARN__DUPLICATE_METHOD_MATCH = YES;
				"CODE_SIGN_IDENTITY[sdk=iphoneos*]" = "iPhone Developer";
				COPY_PHASE_STRIP = NO;
				DEBUG_INFORMATION_FORMAT = dwarf;
				ENABLE_STRICT_OBJC_MSGSEND = YES;
				ENABLE_TESTABILITY = YES;
				GCC_C_LANGUAGE_STANDARD = gnu99;
				GCC_DYNAMIC_NO_PIC = NO;
				GCC_NO_COMMON_BLOCKS = YES;
				GCC_OPTIMIZATION_LEVEL = 0;
				GCC_PREPROCESSOR_DEFINITIONS = (
					"DEBUG=1",
					"$(inherited)",
				);
				GCC_WARN_64_TO_32_BIT_CONVERSION = YES;
				GCC_WARN_ABOUT_RETURN_TYPE = YES_ERROR;
				GCC_WARN_UNDECLARED_SELECTOR = YES;
				GCC_WARN_UNINITIALIZED_AUTOS = YES_AGGRESSIVE;
				GCC_WARN_UNUSED_FUNCTION = YES;
				GCC_WARN_UNUSED_VARIABLE = YES;
				IPHONEOS_DEPLOYMENT_TARGET = 9.0;
				MTL_ENABLE_DEBUG_INFO = YES;
				ONLY_ACTIVE_ARCH = YES;
				PROVISIONING_PROFILE = "";
				SDKROOT = iphoneos;
				SWIFT_OPTIMIZATION_LEVEL = "-Onone";
			};
			name = Debug;
		};
		AFDA748C1CB1EE5900F09BD8 /* Release */ = {
			isa = XCBuildConfiguration;
			buildSettings = {
				ALWAYS_SEARCH_USER_PATHS = NO;
				CLANG_ANALYZER_NONNULL = YES;
				CLANG_CXX_LANGUAGE_STANDARD = "gnu++0x";
				CLANG_CXX_LIBRARY = "libc++";
				CLANG_ENABLE_MODULES = YES;
				CLANG_ENABLE_OBJC_ARC = YES;
				CLANG_WARN_BOOL_CONVERSION = YES;
				CLANG_WARN_CONSTANT_CONVERSION = YES;
				CLANG_WARN_DIRECT_OBJC_ISA_USAGE = YES_ERROR;
				CLANG_WARN_EMPTY_BODY = YES;
				CLANG_WARN_ENUM_CONVERSION = YES;
				CLANG_WARN_INT_CONVERSION = YES;
				CLANG_WARN_OBJC_ROOT_CLASS = YES_ERROR;
				CLANG_WARN_UNREACHABLE_CODE = YES;
				CLANG_WARN__DUPLICATE_METHOD_MATCH = YES;
				"CODE_SIGN_IDENTITY[sdk=iphoneos*]" = "iPhone Distribution: Chengzhi Jia (LPRD99FQ39)";
				COPY_PHASE_STRIP = NO;
				DEBUG_INFORMATION_FORMAT = "dwarf-with-dsym";
				ENABLE_NS_ASSERTIONS = NO;
				ENABLE_STRICT_OBJC_MSGSEND = YES;
				GCC_C_LANGUAGE_STANDARD = gnu99;
				GCC_NO_COMMON_BLOCKS = YES;
				GCC_WARN_64_TO_32_BIT_CONVERSION = YES;
				GCC_WARN_ABOUT_RETURN_TYPE = YES_ERROR;
				GCC_WARN_UNDECLARED_SELECTOR = YES;
				GCC_WARN_UNINITIALIZED_AUTOS = YES_AGGRESSIVE;
				GCC_WARN_UNUSED_FUNCTION = YES;
				GCC_WARN_UNUSED_VARIABLE = YES;
				IPHONEOS_DEPLOYMENT_TARGET = 9.0;
				MTL_ENABLE_DEBUG_INFO = NO;
				PROVISIONING_PROFILE = "";
				SDKROOT = iphoneos;
				VALIDATE_PRODUCT = YES;
			};
			name = Release;
		};
		AFDA748E1CB1EE5900F09BD8 /* Debug */ = {
			isa = XCBuildConfiguration;
			baseConfigurationReference = 35CA0B711D4A0CC88DDA1ADC /* Pods-CZBLEControl.debug.xcconfig */;
			buildSettings = {
				ASSETCATALOG_COMPILER_APPICON_NAME = AppIcon;
				CODE_SIGN_IDENTITY = "iPhone Developer";
				"CODE_SIGN_IDENTITY[sdk=iphoneos*]" = "iPhone Developer";
				DEBUG_INFORMATION_FORMAT = "dwarf-with-dsym";
				INFOPLIST_FILE = CZBLEControl/Info.plist;
				IPHONEOS_DEPLOYMENT_TARGET = 9.0;
				LD_RUNPATH_SEARCH_PATHS = "$(inherited) @executable_path/Frameworks";
				PRODUCT_BUNDLE_IDENTIFIER = ChengzhiJia.CZBLEControl;
				PRODUCT_NAME = "$(TARGET_NAME)";
				PROVISIONING_PROFILE = "";
			};
			name = Debug;
		};
		AFDA748F1CB1EE5900F09BD8 /* Release */ = {
			isa = XCBuildConfiguration;
			baseConfigurationReference = E1EB2B8A0E5D5F15FDA3D249 /* Pods-CZBLEControl.release.xcconfig */;
			buildSettings = {
				ASSETCATALOG_COMPILER_APPICON_NAME = AppIcon;
				CODE_SIGN_IDENTITY = "iPhone Developer";
				"CODE_SIGN_IDENTITY[sdk=iphoneos*]" = "iPhone Distribution: Chengzhi Jia (LPRD99FQ39)";
				INFOPLIST_FILE = CZBLEControl/Info.plist;
				IPHONEOS_DEPLOYMENT_TARGET = 9.0;
				LD_RUNPATH_SEARCH_PATHS = "$(inherited) @executable_path/Frameworks";
				PRODUCT_BUNDLE_IDENTIFIER = ChengzhiJia.CZBLEControl;
				PRODUCT_NAME = "$(TARGET_NAME)";
				PROVISIONING_PROFILE = "";
			};
			name = Release;
		};
		AFDA74911CB1EE5900F09BD8 /* Debug */ = {
			isa = XCBuildConfiguration;
			buildSettings = {
				BUNDLE_LOADER = "$(TEST_HOST)";
				INFOPLIST_FILE = CZBLEControlTests/Info.plist;
				LD_RUNPATH_SEARCH_PATHS = "$(inherited) @executable_path/Frameworks @loader_path/Frameworks";
				PRODUCT_BUNDLE_IDENTIFIER = ChengzhiJia.CZBLEControlTests;
				PRODUCT_NAME = "$(TARGET_NAME)";
				TEST_HOST = "$(BUILT_PRODUCTS_DIR)/CZBLEControl.app/CZBLEControl";
			};
			name = Debug;
		};
		AFDA74921CB1EE5900F09BD8 /* Release */ = {
			isa = XCBuildConfiguration;
			buildSettings = {
				BUNDLE_LOADER = "$(TEST_HOST)";
				INFOPLIST_FILE = CZBLEControlTests/Info.plist;
				LD_RUNPATH_SEARCH_PATHS = "$(inherited) @executable_path/Frameworks @loader_path/Frameworks";
				PRODUCT_BUNDLE_IDENTIFIER = ChengzhiJia.CZBLEControlTests;
				PRODUCT_NAME = "$(TARGET_NAME)";
				TEST_HOST = "$(BUILT_PRODUCTS_DIR)/CZBLEControl.app/CZBLEControl";
			};
			name = Release;
		};
/* End XCBuildConfiguration section */

/* Begin XCConfigurationList section */
		AFDA74681CB1EE5800F09BD8 /* Build configuration list for PBXProject "CZBLEControl" */ = {
			isa = XCConfigurationList;
			buildConfigurations = (
				AFDA748B1CB1EE5900F09BD8 /* Debug */,
				AFDA748C1CB1EE5900F09BD8 /* Release */,
			);
			defaultConfigurationIsVisible = 0;
			defaultConfigurationName = Release;
		};
		AFDA748D1CB1EE5900F09BD8 /* Build configuration list for PBXNativeTarget "CZBLEControl" */ = {
			isa = XCConfigurationList;
			buildConfigurations = (
				AFDA748E1CB1EE5900F09BD8 /* Debug */,
				AFDA748F1CB1EE5900F09BD8 /* Release */,
			);
			defaultConfigurationIsVisible = 0;
			defaultConfigurationName = Release;
		};
		AFDA74901CB1EE5900F09BD8 /* Build configuration list for PBXNativeTarget "CZBLEControlTests" */ = {
			isa = XCConfigurationList;
			buildConfigurations = (
				AFDA74911CB1EE5900F09BD8 /* Debug */,
				AFDA74921CB1EE5900F09BD8 /* Release */,
			);
			defaultConfigurationIsVisible = 0;
			defaultConfigurationName = Release;
		};
/* End XCConfigurationList section */

/* Begin XCVersionGroup section */
		AFDA74771CB1EE5800F09BD8 /* CZBLEControl.xcdatamodeld */ = {
			isa = XCVersionGroup;
			children = (
				AFDA74781CB1EE5800F09BD8 /* CZBLEControl.xcdatamodel */,
			);
			currentVersion = AFDA74781CB1EE5800F09BD8 /* CZBLEControl.xcdatamodel */;
			path = CZBLEControl.xcdatamodeld;
			sourceTree = "<group>";
			versionGroupType = wrapper.xcdatamodel;
		};
/* End XCVersionGroup section */
	};
	rootObject = AFDA74651CB1EE5800F09BD8 /* Project object */;
}
